
Microsoft Visual Studio Solution File, Format Version 12.00
# Visual Studio Version 17
VisualStudioVersion = 17.14.36511.14
MinimumVisualStudioVersion = 10.0.40219.1
Project("{FAE04EC0-301F-11D3-BF4B-00C04F79EFBC}") = "AppHost1", "AppHost1\AppHost1.csproj", "{AD7A5981-164B-4225-BC30-4ABC5E8B2B2C}"
EndProject
Project("{2150E333-8FDC-42A3-9474-1A3956D46DE8}") = "App1", "App1", "{02EA681E-C7D8-13C7-8484-4AC65E1B71E8}"
EndProject
Project("{FAE04EC0-301F-11D3-BF4B-00C04F79EFBC}") = "App1.API", "..\..\Solution1\WebApplication1\App1.API.csproj", "{9647AFFA-C905-72D6-BCB7-7F2DE09DBFE2}"
EndProject
Project("{FAE04EC0-301F-11D3-BF4B-00C04F79EFBC}") = "App1.MigrationService", "App1.MigrationService\App1.MigrationService.csproj", "{F54ADE9C-18A2-40EA-BA68-D4903E0363E2}"
EndProject
Project("{FAE04EC0-301F-11D3-BF4B-00C04F79EFBC}") = "App1.Infrastructure", "..\..\Solution1\App1.Infrastructure\App1.Infrastructure.csproj", "{EB2F18D0-E6BD-C52C-53AF-6DD94F49BE17}"
EndProject
Project("{2150E333-8FDC-42A3-9474-1A3956D46DE8}") = "App2", "App2", "{0B8AFB67-F43C-4A05-A01D-4C265A6C0A5F}"
EndProject
Project("{FAE04EC0-301F-11D3-BF4B-00C04F79EFBC}") = "App2.API", "..\..\Solution2\App2.API\App2.API.csproj", "{91E36A8B-2385-341C-BF6D-702B3CB3A8CA}"
EndProject
Project("{FAE04EC0-301F-11D3-BF4B-00C04F79EFBC}") = "App2.Infrastructure", "..\..\Solution2\App2.Infrastructure\App2.Infrastructure.csproj", "{A26E3F48-0321-7338-21ED-3A33EFBAEE8C}"
EndProject
Project("{FAE04EC0-301F-11D3-BF4B-00C04F79EFBC}") = "App2.MigrationService", "App2.MigrationService\App2.MigrationService.csproj", "{94D0043B-4C7A-431D-925A-AE42A67BAC2F}"
EndProject
Project("{FAE04EC0-301F-11D3-BF4B-00C04F79EFBC}") = "App1.Function", "..\..\Solution1\App1.Function\App1.Function.csproj", "{658DD518-3FF3-B4C1-3E54-372C43897ED5}"
EndProject
Project("{FAE04EC0-301F-11D3-BF4B-00C04F79EFBC}") = "App2.Function", "..\..\Solution2\App2.Function\App2.Function.csproj", "{BE5C5810-8A2E-C965-FA32-99A3880D3134}"
EndProject
Project("{2150E333-8FDC-42A3-9474-1A3956D46DE8}") = "PublisherConsole", "PublisherConsole", "{D1F9054F-A249-48EF-8F4B-1F79E086BEA9}"
EndProject
Project("{FAE04EC0-301F-11D3-BF4B-00C04F79EFBC}") = "PublisherConsole", "PublisherConsole\PublisherConsole.csproj", "{C4618E9E-A22A-4546-B445-C384A79F3C8C}"
EndProject
Global
	GlobalSection(SolutionConfigurationPlatforms) = preSolution
		Debug|Any CPU = Debug|Any CPU
		Release|Any CPU = Release|Any CPU
	EndGlobalSection
	GlobalSection(ProjectConfigurationPlatforms) = postSolution
		{AD7A5981-164B-4225-BC30-4ABC5E8B2B2C}.Debug|Any CPU.ActiveCfg = Debug|Any CPU
		{AD7A5981-164B-4225-BC30-4ABC5E8B2B2C}.Debug|Any CPU.Build.0 = Debug|Any CPU
		{AD7A5981-164B-4225-BC30-4ABC5E8B2B2C}.Release|Any CPU.ActiveCfg = Release|Any CPU
		{AD7A5981-164B-4225-BC30-4ABC5E8B2B2C}.Release|Any CPU.Build.0 = Release|Any CPU
		{9647AFFA-C905-72D6-BCB7-7F2DE09DBFE2}.Debug|Any CPU.ActiveCfg = Debug|Any CPU
		{9647AFFA-C905-72D6-BCB7-7F2DE09DBFE2}.Debug|Any CPU.Build.0 = Debug|Any CPU
		{9647AFFA-C905-72D6-BCB7-7F2DE09DBFE2}.Release|Any CPU.ActiveCfg = Release|Any CPU
		{9647AFFA-C905-72D6-BCB7-7F2DE09DBFE2}.Release|Any CPU.Build.0 = Release|Any CPU
		{F54ADE9C-18A2-40EA-BA68-D4903E0363E2}.Debug|Any CPU.ActiveCfg = Debug|Any CPU
		{F54ADE9C-18A2-40EA-BA68-D4903E0363E2}.Debug|Any CPU.Build.0 = Debug|Any CPU
		{F54ADE9C-18A2-40EA-BA68-D4903E0363E2}.Release|Any CPU.ActiveCfg = Release|Any CPU
		{F54ADE9C-18A2-40EA-BA68-D4903E0363E2}.Release|Any CPU.Build.0 = Release|Any CPU
		{EB2F18D0-E6BD-C52C-53AF-6DD94F49BE17}.Debug|Any CPU.ActiveCfg = Debug|Any CPU
		{EB2F18D0-E6BD-C52C-53AF-6DD94F49BE17}.Debug|Any CPU.Build.0 = Debug|Any CPU
		{EB2F18D0-E6BD-C52C-53AF-6DD94F49BE17}.Release|Any CPU.ActiveCfg = Release|Any CPU
		{EB2F18D0-E6BD-C52C-53AF-6DD94F49BE17}.Release|Any CPU.Build.0 = Release|Any CPU
		{91E36A8B-2385-341C-BF6D-702B3CB3A8CA}.Debug|Any CPU.ActiveCfg = Debug|Any CPU
		{91E36A8B-2385-341C-BF6D-702B3CB3A8CA}.Debug|Any CPU.Build.0 = Debug|Any CPU
		{91E36A8B-2385-341C-BF6D-702B3CB3A8CA}.Release|Any CPU.ActiveCfg = Release|Any CPU
		{91E36A8B-2385-341C-BF6D-702B3CB3A8CA}.Release|Any CPU.Build.0 = Release|Any CPU
		{A26E3F48-0321-7338-21ED-3A33EFBAEE8C}.Debug|Any CPU.ActiveCfg = Debug|Any CPU
		{A26E3F48-0321-7338-21ED-3A33EFBAEE8C}.Debug|Any CPU.Build.0 = Debug|Any CPU
		{A26E3F48-0321-7338-21ED-3A33EFBAEE8C}.Release|Any CPU.ActiveCfg = Release|Any CPU
		{A26E3F48-0321-7338-21ED-3A33EFBAEE8C}.Release|Any CPU.Build.0 = Release|Any CPU
		{94D0043B-4C7A-431D-925A-AE42A67BAC2F}.Debug|Any CPU.ActiveCfg = Debug|Any CPU
		{94D0043B-4C7A-431D-925A-AE42A67BAC2F}.Debug|Any CPU.Build.0 = Debug|Any CPU
		{94D0043B-4C7A-431D-925A-AE42A67BAC2F}.Release|Any CPU.ActiveCfg = Release|Any CPU
		{94D0043B-4C7A-431D-925A-AE42A67BAC2F}.Release|Any CPU.Build.0 = Release|Any CPU
		{658DD518-3FF3-B4C1-3E54-372C43897ED5}.Debug|Any CPU.ActiveCfg = Debug|Any CPU
		{658DD518-3FF3-B4C1-3E54-372C43897ED5}.Debug|Any CPU.Build.0 = Debug|Any CPU
		{658DD518-3FF3-B4C1-3E54-372C43897ED5}.Release|Any CPU.ActiveCfg = Release|Any CPU
		{658DD518-3FF3-B4C1-3E54-372C43897ED5}.Release|Any CPU.Build.0 = Release|Any CPU
		{BE5C5810-8A2E-C965-FA32-99A3880D3134}.Debug|Any CPU.ActiveCfg = Debug|Any CPU
		{BE5C5810-8A2E-C965-FA32-99A3880D3134}.Debug|Any CPU.Build.0 = Debug|Any CPU
		{BE5C5810-8A2E-C965-FA32-99A3880D3134}.Release|Any CPU.ActiveCfg = Release|Any CPU
		{BE5C5810-8A2E-C965-FA32-99A3880D3134}.Release|Any CPU.Build.0 = Release|Any CPU
		{C4618E9E-A22A-4546-B445-C384A79F3C8C}.Debug|Any CPU.ActiveCfg = Debug|Any CPU
		{C4618E9E-A22A-4546-B445-C384A79F3C8C}.Debug|Any CPU.Build.0 = Debug|Any CPU
		{C4618E9E-A22A-4546-B445-C384A79F3C8C}.Release|Any CPU.ActiveCfg = Release|Any CPU
		{C4618E9E-A22A-4546-B445-C384A79F3C8C}.Release|Any CPU.Build.0 = Release|Any CPU
	EndGlobalSection
	GlobalSection(SolutionProperties) = preSolution
		HideSolutionNode = FALSE
	EndGlobalSection
	GlobalSection(NestedProjects) = preSolution
		{9647AFFA-C905-72D6-BCB7-7F2DE09DBFE2} = {02EA681E-C7D8-13C7-8484-4AC65E1B71E8}
		{F54ADE9C-18A2-40EA-BA68-D4903E0363E2} = {02EA681E-C7D8-13C7-8484-4AC65E1B71E8}
		{EB2F18D0-E6BD-C52C-53AF-6DD94F49BE17} = {02EA681E-C7D8-13C7-8484-4AC65E1B71E8}
		{91E36A8B-2385-341C-BF6D-702B3CB3A8CA} = {0B8AFB67-F43C-4A05-A01D-4C265A6C0A5F}
		{A26E3F48-0321-7338-21ED-3A33EFBAEE8C} = {0B8AFB67-F43C-4A05-A01D-4C265A6C0A5F}
		{94D0043B-4C7A-431D-925A-AE42A67BAC2F} = {0B8AFB67-F43C-4A05-A01D-4C265A6C0A5F}
		{658DD518-3FF3-B4C1-3E54-372C43897ED5} = {02EA681E-C7D8-13C7-8484-4AC65E1B71E8}
		{BE5C5810-8A2E-C965-FA32-99A3880D3134} = {0B8AFB67-F43C-4A05-A01D-4C265A6C0A5F}
		{C4618E9E-A22A-4546-B445-C384A79F3C8C} = {D1F9054F-A249-48EF-8F4B-1F79E086BEA9}
	EndGlobalSection
	GlobalSection(ExtensibilityGlobals) = postSolution
		SolutionGuid = {E6FA8BE3-9B3B-4E9C-803C-4B4A85838F9A}
	EndGlobalSection
EndGlobal
